// !$*UTF8*$!
{
	archiveVersion = 1;
	classes = {
	};
	objectVersion = 77;
	objects = {

/* Begin PBXBuildFile section */
		CF615B1C2F81FFCA008434B9 /* UserNotifications.framework in Frameworks */ = {isa = PBXBuildFile; fileRef = CF615B1B2F81FFCA008434B9 /* UserNotifications.framework */; };
		CF615B1E2F81FFCA008434B9 /* UserNotificationsUI.framework in Frameworks */ = {isa = PBXBuildFile; fileRef = CF615B1D2F81FFCA008434B9 /* UserNotificationsUI.framework */; };
		CF615B282F81FFCA008434B9 /* FalconNotification.appex in Embed Foundation Extensions */ = {isa = PBXBuildFile; fileRef = CF615B192F81FFCA008434B9 /* FalconNotification.appex */; settings = {ATTRIBUTES = (RemoveHeadersOnCopy, ); }; };
		CFE766C92F83508000FBE9E7 /* WidgetKit.framework in Frameworks */ = {isa = PBXBuildFile; fileRef = CFE766C82F83508000FBE9E7 /* WidgetKit.framework */; };
		CFE766CB2F83508000FBE9E7 /* SwiftUI.framework in Frameworks */ = {isa = PBXBuildFile; fileRef = CFE766CA2F83508000FBE9E7 /* SwiftUI.framework */; };
		CFE766DA2F83508100FBE9E7 /* FalconWidgetExtension.appex in Embed Foundation Extensions */ = {isa = PBXBuildFile; fileRef = CFE766C72F83508000FBE9E7 /* FalconWidgetExtension.appex */; settings = {ATTRIBUTES = (RemoveHeadersOnCopy, ); }; };
/* End PBXBuildFile section */

/* Begin PBXContainerItemProxy section */
		CF615B262F81FFCA008434B9 /* PBXContainerItemProxy */ = {
			isa = PBXContainerItemProxy;
			containerPortal = CF615AEB2F81F1A4008434B9 /* Project object */;
			proxyType = 1;
			remoteGlobalIDString = CF615B182F81FFCA008434B9;
			remoteInfo = FalconNotification;
		};
		CFE766D82F83508100FBE9E7 /* PBXContainerItemProxy */ = {
			isa = PBXContainerItemProxy;
			containerPortal = CF615AEB2F81F1A4008434B9 /* Project object */;
			proxyType = 1;
			remoteGlobalIDString = CFE766C62F83508000FBE9E7;
			remoteInfo = FalconWidgetExtension;
		};
/* End PBXContainerItemProxy section */

/* Begin PBXCopyFilesBuildPhase section */
		CF615B2D2F81FFCA008434B9 /* Embed Foundation Extensions */ = {
			isa = PBXCopyFilesBuildPhase;
			buildActionMask = 2147483647;
			dstPath = "";
			dstSubfolderSpec = 13;
			files = (
				CF615B282F81FFCA008434B9 /* FalconNotification.appex in Embed Foundation Extensions */,
				CFE766DA2F83508100FBE9E7 /* FalconWidgetExtension.appex in Embed Foundation Extensions */,
			);
			name = "Embed Foundation Extensions";
			runOnlyForDeploymentPostprocessing = 0;
		};
/* End PBXCopyFilesBuildPhase section */

/* Begin PBXFileReference section */
		CF615AF32F81F1A4008434B9 /* Falcon.app */ = {isa = PBXFileReference; explicitFileType = wrapper.application; includeInIndex = 0; path = Falcon.app; sourceTree = BUILT_PRODUCTS_DIR; };
		CF615B192F81FFCA008434B9 /* FalconNotification.appex */ = {isa = PBXFileReference; explicitFileType = "wrapper.app-extension"; includeInIndex = 0; path = FalconNotification.appex; sourceTree = BUILT_PRODUCTS_DIR; };
		CF615B1B2F81FFCA008434B9 /* UserNotifications.framework */ = {isa = PBXFileReference; lastKnownFileType = wrapper.framework; name = UserNotifications.framework; path = System/Library/Frameworks/UserNotifications.framework; sourceTree = SDKROOT; };
		CF615B1D2F81FFCA008434B9 /* UserNotificationsUI.framework */ = {isa = PBXFileReference; lastKnownFileType = wrapper.framework; name = UserNotificationsUI.framework; path = System/Library/Frameworks/UserNotificationsUI.framework; sourceTree = SDKROOT; };
		CFB47A1B2F9AD17F00537918 /* FalconWidgetExtension.entitlements */ = {isa = PBXFileReference; lastKnownFileType = text.plist.entitlements; path = FalconWidgetExtension.entitlements; sourceTree = "<group>"; };
		CFE766C72F83508000FBE9E7 /* FalconWidgetExtension.appex */ = {isa = PBXFileReference; explicitFileType = "wrapper.app-extension"; includeInIndex = 0; path = FalconWidgetExtension.appex; sourceTree = BUILT_PRODUCTS_DIR; };
		CFE766C82F83508000FBE9E7 /* WidgetKit.framework */ = {isa = PBXFileReference; lastKnownFileType = wrapper.framework; name = WidgetKit.framework; path = System/Library/Frameworks/WidgetKit.framework; sourceTree = SDKROOT; };
		CFE766CA2F83508000FBE9E7 /* SwiftUI.framework */ = {isa = PBXFileReference; lastKnownFileType = wrapper.framework; name = SwiftUI.framework; path = System/Library/Frameworks/SwiftUI.framework; sourceTree = SDKROOT; };
/* End PBXFileReference section */

/* Begin PBXFileSystemSynchronizedBuildFileExceptionSet section */
		CF615B072F81F395008434B9 /* Exceptions for "Falcon" folder in "Falcon" target */ = {
			isa = PBXFileSystemSynchronizedBuildFileExceptionSet;
			membershipExceptions = (
				Info.plist,
			);
			target = CF615AF22F81F1A4008434B9 /* Falcon */;
		};
		CF615B332F82038C008434B9 /* Exceptions for "FalconNotification" folder in "FalconNotification" target */ = {
			isa = PBXFileSystemSynchronizedBuildFileExceptionSet;
			membershipExceptions = (
				Info.plist,
			);
			target = CF615B182F81FFCA008434B9 /* FalconNotification */;
		};
		CFE766DE2F83508100FBE9E7 /* Exceptions for "FalconWidget" folder in "FalconWidgetExtension" target */ = {
			isa = PBXFileSystemSynchronizedBuildFileExceptionSet;
			membershipExceptions = (
				Info.plist,
			);
			target = CFE766C62F83508000FBE9E7 /* FalconWidgetExtension */;
		};
		CFE766E22F8352BF00FBE9E7 /* Exceptions for "Falcon" folder in "FalconWidgetExtension" target */ = {
			isa = PBXFileSystemSynchronizedBuildFileExceptionSet;
			membershipExceptions = (
				Shared/CompanyLogoCache.swift,
				Shared/FalconJobsActivity.swift,
			);
			target = CFE766C62F83508000FBE9E7 /* FalconWidgetExtension */;
		};
/* End PBXFileSystemSynchronizedBuildFileExceptionSet section */

/* Begin PBXFileSystemSynchronizedRootGroup section */
		CF615AF52F81F1A4008434B9 /* Falcon */ = {
			isa = PBXFileSystemSynchronizedRootGroup;
			exceptions = (
				CF615B072F81F395008434B9 /* Exceptions for "Falcon" folder in "Falcon" target */,
				CFE766E22F8352BF00FBE9E7 /* Exceptions for "Falcon" folder in "FalconWidgetExtension" target */,
			);
			path = Falcon;
			sourceTree = "<group>";
		};
		CF615B1F2F81FFCA008434B9 /* FalconNotification */ = {
			isa = PBXFileSystemSynchronizedRootGroup;
			exceptions = (
				CF615B332F82038C008434B9 /* Exceptions for "FalconNotification" folder in "FalconNotification" target */,
			);
			path = FalconNotification;
			sourceTree = "<group>";
		};
		CFE766CC2F83508000FBE9E7 /* FalconWidget */ = {
			isa = PBXFileSystemSynchronizedRootGroup;
			exceptions = (
				CFE766DE2F83508100FBE9E7 /* Exceptions for "FalconWidget" folder in "FalconWidgetExtension" target */,
			);
			path = FalconWidget;
			sourceTree = "<group>";
		};
/* End PBXFileSystemSynchronizedRootGroup section */

/* Begin PBXFrameworksBuildPhase section */
		CF615AF02F81F1A4008434B9 /* Frameworks */ = {
			isa = PBXFrameworksBuildPhase;
			buildActionMask = 2147483647;
			files = (
			);
			runOnlyForDeploymentPostprocessing = 0;
		};
		CF615B162F81FFCA008434B9 /* Frameworks */ = {
			isa = PBXFrameworksBuildPhase;
			buildActionMask = 2147483647;
			files = (
				CF615B1E2F81FFCA008434B9 /* UserNotificationsUI.framework in Frameworks */,
				CF615B1C2F81FFCA008434B9 /* UserNotifications.framework in Frameworks */,
			);
			runOnlyForDeploymentPostprocessing = 0;
		};
		CFE766C42F83508000FBE9E7 /* Frameworks */ = {
			isa = PBXFrameworksBuildPhase;
			buildActionMask = 2147483647;
			files = (
				CFE766CB2F83508000FBE9E7 /* SwiftUI.framework in Frameworks */,
				CFE766C92F83508000FBE9E7 /* WidgetKit.framework in Frameworks */,
			);
			runOnlyForDeploymentPostprocessing = 0;
		};
/* End PBXFrameworksBuildPhase section */

/* Begin PBXGroup section */
		CF615AEA2F81F1A4008434B9 = {
			isa = PBXGroup;
			children = (
				CFB47A1B2F9AD17F00537918 /* FalconWidgetExtension.entitlements */,
				CF615AF52F81F1A4008434B9 /* Falcon */,
				CF615B1F2F81FFCA008434B9 /* FalconNotification */,
				CFE766CC2F83508000FBE9E7 /* FalconWidget */,
				CF615B1A2F81FFCA008434B9 /* Frameworks */,
				CF615AF42F81F1A4008434B9 /* Products */,
			);
			sourceTree = "<group>";
		};
		CF615AF42F81F1A4008434B9 /* Products */ = {
			isa = PBXGroup;
			children = (
				CF615AF32F81F1A4008434B9 /* Falcon.app */,
				CF615B192F81FFCA008434B9 /* FalconNotification.appex */,
				CFE766C72F83508000FBE9E7 /* FalconWidgetExtension.appex */,
			);
			name = Products;
			sourceTree = "<group>";
		};
		CF615B1A2F81FFCA008434B9 /* Frameworks */ = {
			isa = PBXGroup;
			children = (
				CF615B1B2F81FFCA008434B9 /* UserNotifications.framework */,
				CF615B1D2F81FFCA008434B9 /* UserNotificationsUI.framework */,
				CFE766C82F83508000FBE9E7 /* WidgetKit.framework */,
				CFE766CA2F83508000FBE9E7 /* SwiftUI.framework */,
			);
			name = Frameworks;
			sourceTree = "<group>";
		};
/* End PBXGroup section */

/* Begin PBXNativeTarget section */
		CF615AF22F81F1A4008434B9 /* Falcon */ = {
			isa = PBXNativeTarget;
			buildConfigurationList = CF615AFE2F81F1A5008434B9 /* Build configuration list for PBXNativeTarget "Falcon" */;
			buildPhases = (
				CF615AEF2F81F1A4008434B9 /* Sources */,
				CF615AF02F81F1A4008434B9 /* Frameworks */,
				CF615AF12F81F1A4008434B9 /* Resources */,
				CF615B2D2F81FFCA008434B9 /* Embed Foundation Extensions */,
			);
			buildRules = (
			);
			dependencies = (
				CF615B272F81FFCA008434B9 /* PBXTargetDependency */,
				CFE766D92F83508100FBE9E7 /* PBXTargetDependency */,
			);
			fileSystemSynchronizedGroups = (
				CF615AF52F81F1A4008434B9 /* Falcon */,
			);
			name = Falcon;
			packageProductDependencies = (
			);
			productName = Falcon;
			productReference = CF615AF32F81F1A4008434B9 /* Falcon.app */;
			productType = "com.apple.product-type.application";
		};
		CF615B182F81FFCA008434B9 /* FalconNotification */ = {
			isa = PBXNativeTarget;
			buildConfigurationList = CF615B292F81FFCA008434B9 /* Build configuration list for PBXNativeTarget "FalconNotification" */;
			buildPhases = (
				CF615B152F81FFCA008434B9 /* Sources */,
				CF615B162F81FFCA008434B9 /* Frameworks */,
				CF615B172F81FFCA008434B9 /* Resources */,
			);
			buildRules = (
			);
			dependencies = (
			);
			fileSystemSynchronizedGroups = (
				CF615B1F2F81FFCA008434B9 /* FalconNotification */,
			);
			name = FalconNotification;
			packageProductDependencies = (
			);
			productName = FalconNotification;
			productReference = CF615B192F81FFCA008434B9 /* FalconNotification.appex */;
			productType = "com.apple.product-type.app-extension";
		};
		CFE766C62F83508000FBE9E7 /* FalconWidgetExtension */ = {
			isa = PBXNativeTarget;
			buildConfigurationList = CFE766DB2F83508100FBE9E7 /* Build configuration list for PBXNativeTarget "FalconWidgetExtension" */;
			buildPhases = (
				CFE766C32F83508000FBE9E7 /* Sources */,
				CFE766C42F83508000FBE9E7 /* Frameworks */,
				CFE766C52F83508000FBE9E7 /* Resources */,
			);
			buildRules = (
			);
			dependencies = (
			);
			fileSystemSynchronizedGroups = (
				CFE766CC2F83508000FBE9E7 /* FalconWidget */,
			);
			name = FalconWidgetExtension;
			packageProductDependencies = (
			);
			productName = FalconWidgetExtension;
			productReference = CFE766C72F83508000FBE9E7 /* FalconWidgetExtension.appex */;
			productType = "com.apple.product-type.app-extension";
		};
/* End PBXNativeTarget section */

/* Begin PBXProject section */
		CF615AEB2F81F1A4008434B9 /* Project object */ = {
			isa = PBXProject;
			attributes = {
				BuildIndependentTargetsInParallel = 1;
				LastSwiftUpdateCheck = 2640;
				LastUpgradeCheck = 2640;
				TargetAttributes = {
					CF615AF22F81F1A4008434B9 = {
						CreatedOnToolsVersion = 26.4;
					};
					CF615B182F81FFCA008434B9 = {
						CreatedOnToolsVersion = 26.4;
					};
					CFE766C62F83508000FBE9E7 = {
						CreatedOnToolsVersion = 26.4;
					};
				};
			};
			buildConfigurationList = CF615AEE2F81F1A4008434B9 /* Build configuration list for PBXProject "Falcon" */;
			developmentRegion = en;
			hasScannedForEncodings = 0;
			knownRegions = (
				en,
				Base,
			);
			mainGroup = CF615AEA2F81F1A4008434B9;
			minimizedProjectReferenceProxies = 1;
			preferredProjectObjectVersion = 77;
			productRefGroup = CF615AF42F81F1A4008434B9 /* Products */;
			projectDirPath = "";
			projectRoot = "";
			targets = (
				CF615AF22F81F1A4008434B9 /* Falcon */,
				CF615B182F81FFCA008434B9 /* FalconNotification */,
				CFE766C62F83508000FBE9E7 /* FalconWidgetExtension */,
			);
		};
/* End PBXProject section */

/* Begin PBXResourcesBuildPhase section */
		CF615AF12F81F1A4008434B9 /* Resources */ = {
			isa = PBXResourcesBuildPhase;
			buildActionMask = 2147483647;
			files = (
			);
			runOnlyForDeploymentPostprocessing = 0;
		};
		CF615B172F81FFCA008434B9 /* Resources */ = {
			isa = PBXResourcesBuildPhase;
			buildActionMask = 2147483647;
			files = (
			);
			runOnlyForDeploymentPostprocessing = 0;
		};
		CFE766C52F83508000FBE9E7 /* Resources */ = {
			isa = PBXResourcesBuildPhase;
			buildActionMask = 2147483647;
			files = (
			);
			runOnlyForDeploymentPostprocessing = 0;
		};
/* End PBXResourcesBuildPhase section */

/* Begin PBXSourcesBuildPhase section */
		CF615AEF2F81F1A4008434B9 /* Sources */ = {
			isa = PBXSourcesBuildPhase;
			buildActionMask = 2147483647;
			files = (
			);
			runOnlyForDeploymentPostprocessing = 0;
		};
		CF615B152F81FFCA008434B9 /* Sources */ = {
			isa = PBXSourcesBuildPhase;
			buildActionMask = 2147483647;
			files = (
			);
			runOnlyForDeploymentPostprocessing = 0;
		};
		CFE766C32F83508000FBE9E7 /* Sources */ = {
			isa = PBXSourcesBuildPhase;
			buildActionMask = 2147483647;
			files = (
			);
			runOnlyForDeploymentPostprocessing = 0;
		};
/* End PBXSourcesBuildPhase section */

/* Begin PBXTargetDependency section */
		CF615B272F81FFCA008434B9 /* PBXTargetDependency */ = {
			isa = PBXTargetDependency;
			target = CF615B182F81FFCA008434B9 /* FalconNotification */;
			targetProxy = CF615B262F81FFCA008434B9 /* PBXContainerItemProxy */;
		};
		CFE766D92F83508100FBE9E7 /* PBXTargetDependency */ = {
			isa = PBXTargetDependency;
			target = CFE766C62F83508000FBE9E7 /* FalconWidgetExtension */;
			targetProxy = CFE766D82F83508100FBE9E7 /* PBXContainerItemProxy */;
		};
/* End PBXTargetDependency section */

/* Begin XCBuildConfiguration section */
		CF615AFC2F81F1A5008434B9 /* Debug */ = {
			isa = XCBuildConfiguration;
			buildSettings = {
				ALWAYS_SEARCH_USER_PATHS = NO;
				ASSETCATALOG_COMPILER_GENERATE_SWIFT_ASSET_SYMBOL_EXTENSIONS = YES;
				CLANG_ANALYZER_NONNULL = YES;
				CLANG_ANALYZER_NUMBER_OBJECT_CONVERSION = YES_AGGRESSIVE;
				CLANG_CXX_LANGUAGE_STANDARD = "gnu++20";
				CLANG_ENABLE_MODULES = YES;
				CLANG_ENABLE_OBJC_ARC = YES;
				CLANG_ENABLE_OBJC_WEAK = YES;
				CLANG_WARN_BLOCK_CAPTURE_AUTORELEASING = YES;
				CLANG_WARN_BOOL_CONVERSION = YES;
				CLANG_WARN_COMMA = YES;
				CLANG_WARN_CONSTANT_CONVERSION = YES;
				CLANG_WARN_DEPRECATED_OBJC_IMPLEMENTATIONS = YES;
				CLANG_WARN_DIRECT_OBJC_ISA_USAGE = YES_ERROR;
				CLANG_WARN_DOCUMENTATION_COMMENTS = YES;
				CLANG_WARN_EMPTY_BODY = YES;
				CLANG_WARN_ENUM_CONVERSION = YES;
				CLANG_WARN_INFINITE_RECURSION = YES;
				CLANG_WARN_INT_CONVERSION = YES;
				CLANG_WARN_NON_LITERAL_NULL_CONVERSION = YES;
				CLANG_WARN_OBJC_IMPLICIT_RETAIN_SELF = YES;
				CLANG_WARN_OBJC_LITERAL_CONVERSION = YES;
				CLANG_WARN_OBJC_ROOT_CLASS = YES_ERROR;
				CLANG_WARN_QUOTED_INCLUDE_IN_FRAMEWORK_HEADER = YES;
				CLANG_WARN_RANGE_LOOP_ANALYSIS = YES;
				CLANG_WARN_STRICT_PROTOTYPES = YES;
				CLANG_WARN_SUSPICIOUS_MOVE = YES;
				CLANG_WARN_UNGUARDED_AVAILABILITY = YES_AGGRESSIVE;
				CLANG_WARN_UNREACHABLE_CODE = YES;
				CLANG_WARN__DUPLICATE_METHOD_MATCH = YES;
				COPY_PHASE_STRIP = NO;
				DEBUG_INFORMATION_FORMAT = dwarf;
				DEVELOPMENT_TEAM = KC5LD84VKS;
				ENABLE_STRICT_OBJC_MSGSEND = YES;
				ENABLE_TESTABILITY = YES;
				ENABLE_USER_SCRIPT_SANDBOXING = YES;
				GCC_C_LANGUAGE_STANDARD = gnu17;
				GCC_DYNAMIC_NO_PIC = NO;
				GCC_NO_COMMON_BLOCKS = YES;
				GCC_OPTIMIZATION_LEVEL = 0;
				GCC_PREPROCESSOR_DEFINITIONS = (
					"DEBUG=1",
					"$(inherited)",
				);
				GCC_WARN_64_TO_32_BIT_CONVERSION = YES;
				GCC_WARN_ABOUT_RETURN_TYPE = YES_ERROR;
				GCC_WARN_UNDECLARED_SELECTOR = YES;
				GCC_WARN_UNINITIALIZED_AUTOS = YES_AGGRESSIVE;
				GCC_WARN_UNUSED_FUNCTION = YES;
				GCC_WARN_UNUSED_VARIABLE = YES;
				LOCALIZATION_PREFERS_STRING_CATALOGS = YES;
				MTL_ENABLE_DEBUG_INFO = INCLUDE_SOURCE;
				MTL_FAST_MATH = YES;
				ONLY_ACTIVE_ARCH = YES;
				SWIFT_ACTIVE_COMPILATION_CONDITIONS = "DEBUG $(inherited)";
				SWIFT_OPTIMIZATION_LEVEL = "-Onone";
			};
			name = Debug;
		};
		CF615AFD2F81F1A5008434B9 /* Release */ = {
			isa = XCBuildConfiguration;
			buildSettings = {
				ALWAYS_SEARCH_USER_PATHS = NO;
				ASSETCATALOG_COMPILER_GENERATE_SWIFT_ASSET_SYMBOL_EXTENSIONS = YES;
				CLANG_ANALYZER_NONNULL = YES;
				CLANG_ANALYZER_NUMBER_OBJECT_CONVERSION = YES_AGGRESSIVE;
				CLANG_CXX_LANGUAGE_STANDARD = "gnu++20";
				CLANG_ENABLE_MODULES = YES;
				CLANG_ENABLE_OBJC_ARC = YES;
				CLANG_ENABLE_OBJC_WEAK = YES;
				CLANG_WARN_BLOCK_CAPTURE_AUTORELEASING = YES;
				CLANG_WARN_BOOL_CONVERSION = YES;
				CLANG_WARN_COMMA = YES;
				CLANG_WARN_CONSTANT_CONVERSION = YES;
				CLANG_WARN_DEPRECATED_OBJC_IMPLEMENTATIONS = YES;
				CLANG_WARN_DIRECT_OBJC_ISA_USAGE = YES_ERROR;
				CLANG_WARN_DOCUMENTATION_COMMENTS = YES;
				CLANG_WARN_EMPTY_BODY = YES;
				CLANG_WARN_ENUM_CONVERSION = YES;
				CLANG_WARN_INFINITE_RECURSION = YES;
				CLANG_WARN_INT_CONVERSION = YES;
				CLANG_WARN_NON_LITERAL_NULL_CONVERSION = YES;
				CLANG_WARN_OBJC_IMPLICIT_RETAIN_SELF = YES;
				CLANG_WARN_OBJC_LITERAL_CONVERSION = YES;
				CLANG_WARN_OBJC_ROOT_CLASS = YES_ERROR;
				CLANG_WARN_QUOTED_INCLUDE_IN_FRAMEWORK_HEADER = YES;
				CLANG_WARN_RANGE_LOOP_ANALYSIS = YES;
				CLANG_WARN_STRICT_PROTOTYPES = YES;
				CLANG_WARN_SUSPICIOUS_MOVE = YES;
				CLANG_WARN_UNGUARDED_AVAILABILITY = YES_AGGRESSIVE;
				CLANG_WARN_UNREACHABLE_CODE = YES;
				CLANG_WARN__DUPLICATE_METHOD_MATCH = YES;
				COPY_PHASE_STRIP = NO;
				DEBUG_INFORMATION_FORMAT = "dwarf-with-dsym";
				DEVELOPMENT_TEAM = KC5LD84VKS;
				ENABLE_NS_ASSERTIONS = NO;
				ENABLE_STRICT_OBJC_MSGSEND = YES;
				ENABLE_USER_SCRIPT_SANDBOXING = YES;
				GCC_C_LANGUAGE_STANDARD = gnu17;
				GCC_NO_COMMON_BLOCKS = YES;
				GCC_WARN_64_TO_32_BIT_CONVERSION = YES;
				GCC_WARN_ABOUT_RETURN_TYPE = YES_ERROR;
				GCC_WARN_UNDECLARED_SELECTOR = YES;
				GCC_WARN_UNINITIALIZED_AUTOS = YES_AGGRESSIVE;
				GCC_WARN_UNUSED_FUNCTION = YES;
				GCC_WARN_UNUSED_VARIABLE = YES;
				LOCALIZATION_PREFERS_STRING_CATALOGS = YES;
				MTL_ENABLE_DEBUG_INFO = NO;
				MTL_FAST_MATH = YES;
				SWIFT_COMPILATION_MODE = wholemodule;
			};
			name = Release;
		};
		CF615AFF2F81F1A5008434B9 /* Debug */ = {
			isa = XCBuildConfiguration;
			buildSettings = {
				ASSETCATALOG_COMPILER_APPICON_NAME = AppIcon;
				ASSETCATALOG_COMPILER_GLOBAL_ACCENT_COLOR_NAME = AccentColor;
				CODE_SIGN_ENTITLEMENTS = Falcon/Falcon.entitlements;
				CODE_SIGN_STYLE = Automatic;
				CURRENT_PROJECT_VERSION = 1;
				DEVELOPMENT_TEAM = KC5LD84VKS;
				ENABLE_APP_SANDBOX = YES;
				ENABLE_HARDENED_RUNTIME = YES;
				ENABLE_PREVIEWS = YES;
				ENABLE_USER_SELECTED_FILES = readonly;
				GENERATE_INFOPLIST_FILE = YES;
				INFOPLIST_FILE = Falcon/Info.plist;
				"INFOPLIST_KEY_UIApplicationSceneManifest_Generation[sdk=iphoneos*]" = YES;
				"INFOPLIST_KEY_UIApplicationSceneManifest_Generation[sdk=iphonesimulator*]" = YES;
				"INFOPLIST_KEY_UIApplicationSupportsIndirectInputEvents[sdk=iphoneos*]" = YES;
				"INFOPLIST_KEY_UIApplicationSupportsIndirectInputEvents[sdk=iphonesimulator*]" = YES;
				"INFOPLIST_KEY_UILaunchScreen_Generation[sdk=iphoneos*]" = YES;
				"INFOPLIST_KEY_UILaunchScreen_Generation[sdk=iphonesimulator*]" = YES;
				"INFOPLIST_KEY_UIStatusBarStyle[sdk=iphoneos*]" = UIStatusBarStyleDefault;
				"INFOPLIST_KEY_UIStatusBarStyle[sdk=iphonesimulator*]" = UIStatusBarStyleDefault;
				INFOPLIST_KEY_UISupportedInterfaceOrientations_iPad = "UIInterfaceOrientationPortrait UIInterfaceOrientationPortraitUpsideDown UIInterfaceOrientationLandscapeLeft UIInterfaceOrientationLandscapeRight";
				INFOPLIST_KEY_UISupportedInterfaceOrientations_iPhone = "UIInterfaceOrientationPortrait UIInterfaceOrientationLandscapeLeft UIInterfaceOrientationLandscapeRight";
				IPHONEOS_DEPLOYMENT_TARGET = 26.0;
				LD_RUNPATH_SEARCH_PATHS = "@executable_path/Frameworks";
				"LD_RUNPATH_SEARCH_PATHS[sdk=macosx*]" = "@executable_path/../Frameworks";
				MACOSX_DEPLOYMENT_TARGET = 26.4;
				MARKETING_VERSION = 1.0;
				PRODUCT_BUNDLE_IDENTIFIER = co.hblabs.falcon.Falcon;
				PRODUCT_NAME = "$(TARGET_NAME)";
				REGISTER_APP_GROUPS = YES;
				SDKROOT = auto;
				STRING_CATALOG_GENERATE_SYMBOLS = YES;
				SUPPORTED_PLATFORMS = "iphoneos iphonesimulator";
				SUPPORTS_MACCATALYST = NO;
				SWIFT_APPROACHABLE_CONCURRENCY = YES;
				SWIFT_DEFAULT_ACTOR_ISOLATION = MainActor;
				SWIFT_EMIT_LOC_STRINGS = YES;
				SWIFT_UPCOMING_FEATURE_MEMBER_IMPORT_VISIBILITY = YES;
				SWIFT_VERSION = 5.0;
				TARGETED_DEVICE_FAMILY = 1;
				XROS_DEPLOYMENT_TARGET = 26.4;
			};
			name = Debug;
		};
		CF615B002F81F1A5008434B9 /* Release */ = {
			isa = XCBuildConfiguration;
			buildSettings = {
				ASSETCATALOG_COMPILER_APPICON_NAME = AppIcon;
				ASSETCATALOG_COMPILER_GLOBAL_ACCENT_COLOR_NAME = AccentColor;
				CODE_SIGN_ENTITLEMENTS = Falcon/Falcon.entitlements;
				CODE_SIGN_STYLE = Automatic;
				CURRENT_PROJECT_VERSION = 1;
				DEVELOPMENT_TEAM = KC5LD84VKS;
				ENABLE_APP_SANDBOX = YES;
				ENABLE_HARDENED_RUNTIME = YES;
				ENABLE_PREVIEWS = YES;
				ENABLE_USER_SELECTED_FILES = readonly;
				GENERATE_INFOPLIST_FILE = YES;
				INFOPLIST_FILE = Falcon/Info.plist;
				"INFOPLIST_KEY_UIApplicationSceneManifest_Generation[sdk=iphoneos*]" = YES;
				"INFOPLIST_KEY_UIApplicationSceneManifest_Generation[sdk=iphonesimulator*]" = YES;
				"INFOPLIST_KEY_UIApplicationSupportsIndirectInputEvents[sdk=iphoneos*]" = YES;
				"INFOPLIST_KEY_UIApplicationSupportsIndirectInputEvents[sdk=iphonesimulator*]" = YES;
				"INFOPLIST_KEY_UILaunchScreen_Generation[sdk=iphoneos*]" = YES;
				"INFOPLIST_KEY_UILaunchScreen_Generation[sdk=iphonesimulator*]" = YES;
				"INFOPLIST_KEY_UIStatusBarStyle[sdk=iphoneos*]" = UIStatusBarStyleDefault;
				"INFOPLIST_KEY_UIStatusBarStyle[sdk=iphonesimulator*]" = UIStatusBarStyleDefault;
				INFOPLIST_KEY_UISupportedInterfaceOrientations_iPad = "UIInterfaceOrientationPortrait UIInterfaceOrientationPortraitUpsideDown UIInterfaceOrientationLandscapeLeft UIInterfaceOrientationLandscapeRight";
				INFOPLIST_KEY_UISupportedInterfaceOrientations_iPhone = "UIInterfaceOrientationPortrait UIInterfaceOrientationLandscapeLeft UIInterfaceOrientationLandscapeRight";
				IPHONEOS_DEPLOYMENT_TARGET = 26.0;
				LD_RUNPATH_SEARCH_PATHS = "@executable_path/Frameworks";
				"LD_RUNPATH_SEARCH_PATHS[sdk=macosx*]" = "@executable_path/../Frameworks";
				MACOSX_DEPLOYMENT_TARGET = 26.4;
				MARKETING_VERSION = 1.0;
				PRODUCT_BUNDLE_IDENTIFIER = co.hblabs.falcon.Falcon;
				PRODUCT_NAME = "$(TARGET_NAME)";
				REGISTER_APP_GROUPS = YES;
				SDKROOT = auto;
				STRING_CATALOG_GENERATE_SYMBOLS = YES;
				SUPPORTED_PLATFORMS = "iphoneos iphonesimulator";
				SUPPORTS_MACCATALYST = NO;
				SWIFT_APPROACHABLE_CONCURRENCY = YES;
				SWIFT_DEFAULT_ACTOR_ISOLATION = MainActor;
				SWIFT_EMIT_LOC_STRINGS = YES;
				SWIFT_UPCOMING_FEATURE_MEMBER_IMPORT_VISIBILITY = YES;
				SWIFT_VERSION = 5.0;
				TARGETED_DEVICE_FAMILY = 1;
				XROS_DEPLOYMENT_TARGET = 26.4;
			};
			name = Release;
		};
		CF615B2A2F81FFCA008434B9 /* Debug */ = {
			isa = XCBuildConfiguration;
			buildSettings = {
				CODE_SIGN_STYLE = Automatic;
				CURRENT_PROJECT_VERSION = 1;
				DEVELOPMENT_TEAM = KC5LD84VKS;
				GENERATE_INFOPLIST_FILE = YES;
				INFOPLIST_FILE = FalconNotification/Info.plist;
				INFOPLIST_KEY_CFBundleDisplayName = FalconNotification;
				INFOPLIST_KEY_NSHumanReadableCopyright = "";
				IPHONEOS_DEPLOYMENT_TARGET = 26.0;
				LD_RUNPATH_SEARCH_PATHS = (
					"$(inherited)",
					"@executable_path/Frameworks",
					"@executable_path/../../Frameworks",
				);
				MARKETING_VERSION = 1.0;
				PRODUCT_BUNDLE_IDENTIFIER = co.hblabs.falcon.Falcon.FalconNotification;
				PRODUCT_NAME = "$(TARGET_NAME)";
				SDKROOT = iphoneos;
				SKIP_INSTALL = YES;
				STRING_CATALOG_GENERATE_SYMBOLS = YES;
				SWIFT_APPROACHABLE_CONCURRENCY = YES;
				SWIFT_EMIT_LOC_STRINGS = YES;
				SWIFT_UPCOMING_FEATURE_MEMBER_IMPORT_VISIBILITY = YES;
				SWIFT_VERSION = 5.0;
				TARGETED_DEVICE_FAMILY = "1,2";
			};
			name = Debug;
		};
		CF615B2B2F81FFCA008434B9 /* Release */ = {
			isa = XCBuildConfiguration;
			buildSettings = {
				CODE_SIGN_STYLE = Automatic;
				CURRENT_PROJECT_VERSION = 1;
				DEVELOPMENT_TEAM = KC5LD84VKS;
				GENERATE_INFOPLIST_FILE = YES;
				INFOPLIST_FILE = FalconNotification/Info.plist;
				INFOPLIST_KEY_CFBundleDisplayName = FalconNotification;
				INFOPLIST_KEY_NSHumanReadableCopyright = "";
				IPHONEOS_DEPLOYMENT_TARGET = 26.0;
				LD_RUNPATH_SEARCH_PATHS = (
					"$(inherited)",
					"@executable_path/Frameworks",
					"@executable_path/../../Frameworks",
				);
				MARKETING_VERSION = 1.0;
				PRODUCT_BUNDLE_IDENTIFIER = co.hblabs.falcon.Falcon.FalconNotification;
				PRODUCT_NAME = "$(TARGET_NAME)";
				SDKROOT = iphoneos;
				SKIP_INSTALL = YES;
				STRING_CATALOG_GENERATE_SYMBOLS = YES;
				SWIFT_APPROACHABLE_CONCURRENCY = YES;
				SWIFT_EMIT_LOC_STRINGS = YES;
				SWIFT_UPCOMING_FEATURE_MEMBER_IMPORT_VISIBILITY = YES;
				SWIFT_VERSION = 5.0;
				TARGETED_DEVICE_FAMILY = "1,2";
				VALIDATE_PRODUCT = YES;
			};
			name = Release;
		};
		CFE766DC2F83508100FBE9E7 /* Debug */ = {
			isa = XCBuildConfiguration;
			buildSettings = {
				ASSETCATALOG_COMPILER_GLOBAL_ACCENT_COLOR_NAME = AccentColor;
				ASSETCATALOG_COMPILER_WIDGET_BACKGROUND_COLOR_NAME = WidgetBackground;
				CODE_SIGN_ENTITLEMENTS = FalconWidgetExtension.entitlements;
				CODE_SIGN_STYLE = Automatic;
				CURRENT_PROJECT_VERSION = 1;
				DEVELOPMENT_TEAM = KC5LD84VKS;
				GENERATE_INFOPLIST_FILE = YES;
				INFOPLIST_FILE = FalconWidget/Info.plist;
				INFOPLIST_KEY_CFBundleDisplayName = FalconWidget;
				INFOPLIST_KEY_NSHumanReadableCopyright = "";
				IPHONEOS_DEPLOYMENT_TARGET = 26.0;
				LD_RUNPATH_SEARCH_PATHS = (
					"$(inherited)",
					"@executable_path/Frameworks",
					"@executable_path/../../Frameworks",
				);
				MARKETING_VERSION = 1.0;
				PRODUCT_BUNDLE_IDENTIFIER = co.hblabs.falcon.Falcon.FalconWidget;
				PRODUCT_NAME = "$(TARGET_NAME)";
				SDKROOT = iphoneos;
				SKIP_INSTALL = YES;
				STRING_CATALOG_GENERATE_SYMBOLS = YES;
				SWIFT_APPROACHABLE_CONCURRENCY = YES;
				SWIFT_EMIT_LOC_STRINGS = YES;
				SWIFT_UPCOMING_FEATURE_MEMBER_IMPORT_VISIBILITY = YES;
				SWIFT_VERSION = 5.0;
				TARGETED_DEVICE_FAMILY = "1,2";
			};
			name = Debug;
		};
		CFE766DD2F83508100FBE9E7 /* Release */ = {
			isa = XCBuildConfiguration;
			buildSettings = {
				ASSETCATALOG_COMPILER_GLOBAL_ACCENT_COLOR_NAME = AccentColor;
				ASSETCATALOG_COMPILER_WIDGET_BACKGROUND_COLOR_NAME = WidgetBackground;
				CODE_SIGN_ENTITLEMENTS = FalconWidgetExtension.entitlements;
				CODE_SIGN_STYLE = Automatic;
				CURRENT_PROJECT_VERSION = 1;
				DEVELOPMENT_TEAM = KC5LD84VKS;
				GENERATE_INFOPLIST_FILE = YES;
				INFOPLIST_FILE = FalconWidget/Info.plist;
				INFOPLIST_KEY_CFBundleDisplayName = FalconWidget;
				INFOPLIST_KEY_NSHumanReadableCopyright = "";
				IPHONEOS_DEPLOYMENT_TARGET = 26.0;
				LD_RUNPATH_SEARCH_PATHS = (
					"$(inherited)",
					"@executable_path/Frameworks",
					"@executable_path/../../Frameworks",
				);
				MARKETING_VERSION = 1.0;
				PRODUCT_BUNDLE_IDENTIFIER = co.hblabs.falcon.Falcon.FalconWidget;
				PRODUCT_NAME = "$(TARGET_NAME)";
				SDKROOT = iphoneos;
				SKIP_INSTALL = YES;
				STRING_CATALOG_GENERATE_SYMBOLS = YES;
				SWIFT_APPROACHABLE_CONCURRENCY = YES;
				SWIFT_EMIT_LOC_STRINGS = YES;
				SWIFT_UPCOMING_FEATURE_MEMBER_IMPORT_VISIBILITY = YES;
				SWIFT_VERSION = 5.0;
				TARGETED_DEVICE_FAMILY = "1,2";
				VALIDATE_PRODUCT = YES;
			};
			name = Release;
		};
/* End XCBuildConfiguration section */

/* Begin XCConfigurationList section */
		CF615AEE2F81F1A4008434B9 /* Build configuration list for PBXProject "Falcon" */ = {
			isa = XCConfigurationList;
			buildConfigurations = (
				CF615AFC2F81F1A5008434B9 /* Debug */,
				CF615AFD2F81F1A5008434B9 /* Release */,
			);
			defaultConfigurationIsVisible = 0;
			defaultConfigurationName = Release;
		};
		CF615AFE2F81F1A5008434B9 /* Build configuration list for PBXNativeTarget "Falcon" */ = {
			isa = XCConfigurationList;
			buildConfigurations = (
				CF615AFF2F81F1A5008434B9 /* Debug */,
				CF615B002F81F1A5008434B9 /* Release */,
			);
			defaultConfigurationIsVisible = 0;
			defaultConfigurationName = Release;
		};
		CF615B292F81FFCA008434B9 /* Build configuration list for PBXNativeTarget "FalconNotification" */ = {
			isa = XCConfigurationList;
			buildConfigurations = (
				CF615B2A2F81FFCA008434B9 /* Debug */,
				CF615B2B2F81FFCA008434B9 /* Release */,
			);
			defaultConfigurationIsVisible = 0;
			defaultConfigurationName = Release;
		};
		CFE766DB2F83508100FBE9E7 /* Build configuration list for PBXNativeTarget "FalconWidgetExtension" */ = {
			isa = XCConfigurationList;
			buildConfigurations = (
				CFE766DC2F83508100FBE9E7 /* Debug */,
				CFE766DD2F83508100FBE9E7 /* Release */,
			);
			defaultConfigurationIsVisible = 0;
			defaultConfigurationName = Release;
		};
/* End XCConfigurationList section */
	};
	rootObject = CF615AEB2F81F1A4008434B9 /* Project object */;
}
